
Microsoft Visual Studio Solution File, Format Version 12.00
# Visual Studio Version 17
VisualStudioVersion = 17.14.36414.22 d17.14
MinimumVisualStudioVersion = 10.0.40219.1
Project("{FAE04EC0-301F-11D3-BF4B-00C04F79EFBC}") = "per-project", "per-project\per-project.csproj", "{EB1BCD7D-C7CA-4FDA-8E93-2426B487A81C}"
EndProject
Global
	GlobalSection(SolutionConfigurationPlatforms) = preSolution
		Debug|Any CPU = Debug|Any CPU
		Release|Any CPU = Release|Any CPU
	EndGlobalSection
	GlobalSection(ProjectConfigurationPlatforms) = postSolution
		{EB1BCD7D-C7CA-4FDA-8E93-2426B487A81C}.Debug|Any CPU.ActiveCfg = Debug|Any CPU
		{EB1BCD7D-C7CA-4FDA-8E93-2426B487A81C}.Debug|Any CPU.Build.0 = Debug|Any CPU
		{EB1BCD7D-C7CA-4FDA-8E93-2426B487A81C}.Release|Any CPU.ActiveCfg = Release|Any CPU
		{EB1BCD7D-C7CA-4FDA-8E93-2426B487A81C}.Release|Any CPU.Build.0 = Release|Any CPU
	EndGlobalSection
	GlobalSection(SolutionProperties) = preSolution
		HideSolutionNode = FALSE
	EndGlobalSection
	GlobalSection(ExtensibilityGlobals) = postSolution
		SolutionGuid = {EE50AA16-7D84-40E8-A05F-1C9B3AC0A924}
	EndGlobalSection
EndGlobal
